{
  "name": "ecs_game",
  "lockfileVersion": 2,
  "requires": true,
  "packages": {
    "": {
      "devDependencies": {
        "webpack": "*",
        "webpack-cli": "*"
      }
    },
    "node_modules/webpack": {
      "dev": true
    },
    "node_modules/webpack-cli": {
      "dev": true
    }
  },
  "dependencies": {
    "webpack": {
      "dev": true
    },
    "webpack-cli": {
      "dev": true
    }
  }
}
